
Microsoft Visual Studio Solution File, Format Version 12.00
# Visual Studio 2012
Project("{FAE04EC0-301F-11D3-BF4B-00C04F79EFBC}") = "01.LeapYear", "LeapYear\01.LeapYear.csproj", "{C91669A4-7E99-4441-9EB2-E32F3B26AE31}"
EndProject
Project("{FAE04EC0-301F-11D3-BF4B-00C04F79EFBC}") = "02.RandomBetween100And200", "RandomBetween100And200\02.RandomBetween100And200.csproj", "{CDB7296D-081D-417B-AA37-9960A6AC8F5A}"
EndProject
Project("{FAE04EC0-301F-11D3-BF4B-00C04F79EFBC}") = "03.WhichDayIsItToday", "WhichDayIsItToday\03.WhichDayIsItToday.csproj", "{B665B52A-1A37-4B1D-A488-37862F9CBFE5}"
EndProject
Project("{FAE04EC0-301F-11D3-BF4B-00C04F79EFBC}") = "04.TriangleArea", "TriangleArea\04.TriangleArea.csproj", "{EF14B096-ECAD-4B0C-9B86-C29C84461D48}"
EndProject
Project("{FAE04EC0-301F-11D3-BF4B-00C04F79EFBC}") = "05.NumberOfDaysBetweenDates", "NumberOfDaysBetweenDates\05.NumberOfDaysBetweenDates.csproj", "{11548E13-D3D3-4DE7-8F7D-E8217AB43C6E}"
EndProject
Project("{FAE04EC0-301F-11D3-BF4B-00C04F79EFBC}") = "06.SumOfValues", "SumOfValues\06.SumOfValues.csproj", "{E36AA23B-1410-459D-A167-9F013A6A427B}"
EndProject
Project("{FAE04EC0-301F-11D3-BF4B-00C04F79EFBC}") = "07.MathExpressionCalculator", "MathExpressionCalculator\07.MathExpressionCalculator.csproj", "{E7185FEA-0E05-4D2F-BC87-0E3F5E072349}"
EndProject
Project("{FAE04EC0-301F-11D3-BF4B-00C04F79EFBC}") = "08.Tests", "Tests\08.Tests.csproj", "{9895C057-29CB-4D34-B5C3-000AEDE4B980}"
EndProject
Global
	GlobalSection(SolutionConfigurationPlatforms) = preSolution
		Debug|Any CPU = Debug|Any CPU
		Release|Any CPU = Release|Any CPU
	EndGlobalSection
	GlobalSection(ProjectConfigurationPlatforms) = postSolution
		{C91669A4-7E99-4441-9EB2-E32F3B26AE31}.Debug|Any CPU.ActiveCfg = Debug|Any CPU
		{C91669A4-7E99-4441-9EB2-E32F3B26AE31}.Debug|Any CPU.Build.0 = Debug|Any CPU
		{C91669A4-7E99-4441-9EB2-E32F3B26AE31}.Release|Any CPU.ActiveCfg = Release|Any CPU
		{C91669A4-7E99-4441-9EB2-E32F3B26AE31}.Release|Any CPU.Build.0 = Release|Any CPU
		{CDB7296D-081D-417B-AA37-9960A6AC8F5A}.Debug|Any CPU.ActiveCfg = Debug|Any CPU
		{CDB7296D-081D-417B-AA37-9960A6AC8F5A}.Debug|Any CPU.Build.0 = Debug|Any CPU
		{CDB7296D-081D-417B-AA37-9960A6AC8F5A}.Release|Any CPU.ActiveCfg = Release|Any CPU
		{CDB7296D-081D-417B-AA37-9960A6AC8F5A}.Release|Any CPU.Build.0 = Release|Any CPU
		{B665B52A-1A37-4B1D-A488-37862F9CBFE5}.Debug|Any CPU.ActiveCfg = Debug|Any CPU
		{B665B52A-1A37-4B1D-A488-37862F9CBFE5}.Debug|Any CPU.Build.0 = Debug|Any CPU
		{B665B52A-1A37-4B1D-A488-37862F9CBFE5}.Release|Any CPU.ActiveCfg = Release|Any CPU
		{B665B52A-1A37-4B1D-A488-37862F9CBFE5}.Release|Any CPU.Build.0 = Release|Any CPU
		{EF14B096-ECAD-4B0C-9B86-C29C84461D48}.Debug|Any CPU.ActiveCfg = Debug|Any CPU
		{EF14B096-ECAD-4B0C-9B86-C29C84461D48}.Debug|Any CPU.Build.0 = Debug|Any CPU
		{EF14B096-ECAD-4B0C-9B86-C29C84461D48}.Release|Any CPU.ActiveCfg = Release|Any CPU
		{EF14B096-ECAD-4B0C-9B86-C29C84461D48}.Release|Any CPU.Build.0 = Release|Any CPU
		{11548E13-D3D3-4DE7-8F7D-E8217AB43C6E}.Debug|Any CPU.ActiveCfg = Debug|Any CPU
		{11548E13-D3D3-4DE7-8F7D-E8217AB43C6E}.Debug|Any CPU.Build.0 = Debug|Any CPU
		{11548E13-D3D3-4DE7-8F7D-E8217AB43C6E}.Release|Any CPU.ActiveCfg = Release|Any CPU
		{11548E13-D3D3-4DE7-8F7D-E8217AB43C6E}.Release|Any CPU.Build.0 = Release|Any CPU
		{E36AA23B-1410-459D-A167-9F013A6A427B}.Debug|Any CPU.ActiveCfg = Debug|Any CPU
		{E36AA23B-1410-459D-A167-9F013A6A427B}.Debug|Any CPU.Build.0 = Debug|Any CPU
		{E36AA23B-1410-459D-A167-9F013A6A427B}.Release|Any CPU.ActiveCfg = Release|Any CPU
		{E36AA23B-1410-459D-A167-9F013A6A427B}.Release|Any CPU.Build.0 = Release|Any CPU
		{E7185FEA-0E05-4D2F-BC87-0E3F5E072349}.Debug|Any CPU.ActiveCfg = Debug|Any CPU
		{E7185FEA-0E05-4D2F-BC87-0E3F5E072349}.Debug|Any CPU.Build.0 = Debug|Any CPU
		{E7185FEA-0E05-4D2F-BC87-0E3F5E072349}.Release|Any CPU.ActiveCfg = Release|Any CPU
		{E7185FEA-0E05-4D2F-BC87-0E3F5E072349}.Release|Any CPU.Build.0 = Release|Any CPU
		{9895C057-29CB-4D34-B5C3-000AEDE4B980}.Debug|Any CPU.ActiveCfg = Debug|Any CPU
		{9895C057-29CB-4D34-B5C3-000AEDE4B980}.Debug|Any CPU.Build.0 = Debug|Any CPU
		{9895C057-29CB-4D34-B5C3-000AEDE4B980}.Release|Any CPU.ActiveCfg = Release|Any CPU
		{9895C057-29CB-4D34-B5C3-000AEDE4B980}.Release|Any CPU.Build.0 = Release|Any CPU
	EndGlobalSection
	GlobalSection(SolutionProperties) = preSolution
		HideSolutionNode = FALSE
	EndGlobalSection
EndGlobal
